
Microsoft Visual Studio Solution File, Format Version 12.00
# Visual Studio Version 16
VisualStudioVersion = 16.0.32126.315
MinimumVisualStudioVersion = 10.0.40219.1
Project("{2150E333-8FDC-42A3-9474-1A3956D46DE8}") = "Services", "Services", "{91E8D868-8797-4102-B969-F4371DCA94E9}"
EndProject
Project("{2150E333-8FDC-42A3-9474-1A3956D46DE8}") = "Catalog", "Catalog", "{B41AF010-BF11-4352-B153-3893C80AF8F8}"
EndProject
Project("{9A19103F-16F7-4668-BE54-9A1E7A4F7556}") = "Catalog.API", "Services\Catalog\Catalog.API\Catalog.API.csproj", "{67ADE165-C7BF-4F56-BDBB-45B675C95747}"
EndProject
Project("{E53339B2-1760-4266-BCC7-CA923CBCF16C}") = "docker-compose", "docker-compose.dcproj", "{A911DA6F-002B-48EC-841B-FC67494366A4}"
EndProject
Project("{2150E333-8FDC-42A3-9474-1A3956D46DE8}") = "Basket", "Basket", "{9E3A6C34-BAAC-44CA-AF69-C48DF42F61DB}"
EndProject
Project("{9A19103F-16F7-4668-BE54-9A1E7A4F7556}") = "Basket.API", "Services\Basket\Basket.API\Basket.API.csproj", "{03A156FF-B5B2-46B9-AA99-F86741C935BD}"
EndProject
Project("{2150E333-8FDC-42A3-9474-1A3956D46DE8}") = "Discount", "Discount", "{E58F41E9-6C0C-4994-B3CE-75EB5C48948A}"
EndProject
Project("{FAE04EC0-301F-11D3-BF4B-00C04F79EFBC}") = "Discount.Grpc", "Services\Discount\Discount.Grpc\Discount.Grpc.csproj", "{6D235A9C-9845-4C4F-A285-554B7CAD479A}"
EndProject
Project("{2150E333-8FDC-42A3-9474-1A3956D46DE8}") = "Ordering", "Ordering", "{0C6BB002-5E44-4364-A584-13874C637975}"
EndProject
Project("{FAE04EC0-301F-11D3-BF4B-00C04F79EFBC}") = "Ordering.API", "Services\Ordering\Ordering.API\Ordering.API.csproj", "{349088E2-A1EA-4802-90A6-63EB6D69DAD2}"
EndProject
Project("{FAE04EC0-301F-11D3-BF4B-00C04F79EFBC}") = "Ordering.Domain", "Services\Ordering\Ordering.Domain\Ordering.Domain.csproj", "{19145F6F-236A-4E77-8088-0F8FCD87688E}"
EndProject
Project("{FAE04EC0-301F-11D3-BF4B-00C04F79EFBC}") = "Ordering.Application", "Services\Ordering\Ordering.Application\Ordering.Application.csproj", "{42DFFB27-34B8-44D8-9AA5-567D69721BF9}"
EndProject
Project("{FAE04EC0-301F-11D3-BF4B-00C04F79EFBC}") = "Ordering.Infrastructure", "Services\Ordering\Ordering.Infrastructure\Ordering.Infrastructure.csproj", "{54B2BE6C-741B-4DD5-974D-DBF78469F694}"
EndProject
Global
	GlobalSection(SolutionConfigurationPlatforms) = preSolution
		Debug|Any CPU = Debug|Any CPU
		Release|Any CPU = Release|Any CPU
	EndGlobalSection
	GlobalSection(ProjectConfigurationPlatforms) = postSolution
		{67ADE165-C7BF-4F56-BDBB-45B675C95747}.Debug|Any CPU.ActiveCfg = Debug|Any CPU
		{67ADE165-C7BF-4F56-BDBB-45B675C95747}.Debug|Any CPU.Build.0 = Debug|Any CPU
		{67ADE165-C7BF-4F56-BDBB-45B675C95747}.Release|Any CPU.ActiveCfg = Release|Any CPU
		{67ADE165-C7BF-4F56-BDBB-45B675C95747}.Release|Any CPU.Build.0 = Release|Any CPU
		{A911DA6F-002B-48EC-841B-FC67494366A4}.Debug|Any CPU.ActiveCfg = Debug|Any CPU
		{A911DA6F-002B-48EC-841B-FC67494366A4}.Debug|Any CPU.Build.0 = Debug|Any CPU
		{A911DA6F-002B-48EC-841B-FC67494366A4}.Release|Any CPU.ActiveCfg = Release|Any CPU
		{A911DA6F-002B-48EC-841B-FC67494366A4}.Release|Any CPU.Build.0 = Release|Any CPU
		{03A156FF-B5B2-46B9-AA99-F86741C935BD}.Debug|Any CPU.ActiveCfg = Debug|Any CPU
		{03A156FF-B5B2-46B9-AA99-F86741C935BD}.Debug|Any CPU.Build.0 = Debug|Any CPU
		{03A156FF-B5B2-46B9-AA99-F86741C935BD}.Release|Any CPU.ActiveCfg = Release|Any CPU
		{03A156FF-B5B2-46B9-AA99-F86741C935BD}.Release|Any CPU.Build.0 = Release|Any CPU
		{6D235A9C-9845-4C4F-A285-554B7CAD479A}.Debug|Any CPU.ActiveCfg = Debug|Any CPU
		{6D235A9C-9845-4C4F-A285-554B7CAD479A}.Debug|Any CPU.Build.0 = Debug|Any CPU
		{6D235A9C-9845-4C4F-A285-554B7CAD479A}.Release|Any CPU.ActiveCfg = Release|Any CPU
		{6D235A9C-9845-4C4F-A285-554B7CAD479A}.Release|Any CPU.Build.0 = Release|Any CPU
		{349088E2-A1EA-4802-90A6-63EB6D69DAD2}.Debug|Any CPU.ActiveCfg = Debug|Any CPU
		{349088E2-A1EA-4802-90A6-63EB6D69DAD2}.Debug|Any CPU.Build.0 = Debug|Any CPU
		{349088E2-A1EA-4802-90A6-63EB6D69DAD2}.Release|Any CPU.ActiveCfg = Release|Any CPU
		{349088E2-A1EA-4802-90A6-63EB6D69DAD2}.Release|Any CPU.Build.0 = Release|Any CPU
		{19145F6F-236A-4E77-8088-0F8FCD87688E}.Debug|Any CPU.ActiveCfg = Debug|Any CPU
		{19145F6F-236A-4E77-8088-0F8FCD87688E}.Debug|Any CPU.Build.0 = Debug|Any CPU
		{19145F6F-236A-4E77-8088-0F8FCD87688E}.Release|Any CPU.ActiveCfg = Release|Any CPU
		{19145F6F-236A-4E77-8088-0F8FCD87688E}.Release|Any CPU.Build.0 = Release|Any CPU
		{42DFFB27-34B8-44D8-9AA5-567D69721BF9}.Debug|Any CPU.ActiveCfg = Debug|Any CPU
		{42DFFB27-34B8-44D8-9AA5-567D69721BF9}.Debug|Any CPU.Build.0 = Debug|Any CPU
		{42DFFB27-34B8-44D8-9AA5-567D69721BF9}.Release|Any CPU.ActiveCfg = Release|Any CPU
		{42DFFB27-34B8-44D8-9AA5-567D69721BF9}.Release|Any CPU.Build.0 = Release|Any CPU
		{54B2BE6C-741B-4DD5-974D-DBF78469F694}.Debug|Any CPU.ActiveCfg = Debug|Any CPU
		{54B2BE6C-741B-4DD5-974D-DBF78469F694}.Debug|Any CPU.Build.0 = Debug|Any CPU
		{54B2BE6C-741B-4DD5-974D-DBF78469F694}.Release|Any CPU.ActiveCfg = Release|Any CPU
		{54B2BE6C-741B-4DD5-974D-DBF78469F694}.Release|Any CPU.Build.0 = Release|Any CPU
	EndGlobalSection
	GlobalSection(SolutionProperties) = preSolution
		HideSolutionNode = FALSE
	EndGlobalSection
	GlobalSection(NestedProjects) = preSolution
		{B41AF010-BF11-4352-B153-3893C80AF8F8} = {91E8D868-8797-4102-B969-F4371DCA94E9}
		{67ADE165-C7BF-4F56-BDBB-45B675C95747} = {B41AF010-BF11-4352-B153-3893C80AF8F8}
		{9E3A6C34-BAAC-44CA-AF69-C48DF42F61DB} = {91E8D868-8797-4102-B969-F4371DCA94E9}
		{03A156FF-B5B2-46B9-AA99-F86741C935BD} = {9E3A6C34-BAAC-44CA-AF69-C48DF42F61DB}
		{E58F41E9-6C0C-4994-B3CE-75EB5C48948A} = {91E8D868-8797-4102-B969-F4371DCA94E9}
		{6D235A9C-9845-4C4F-A285-554B7CAD479A} = {E58F41E9-6C0C-4994-B3CE-75EB5C48948A}
		{0C6BB002-5E44-4364-A584-13874C637975} = {91E8D868-8797-4102-B969-F4371DCA94E9}
		{349088E2-A1EA-4802-90A6-63EB6D69DAD2} = {0C6BB002-5E44-4364-A584-13874C637975}
		{19145F6F-236A-4E77-8088-0F8FCD87688E} = {0C6BB002-5E44-4364-A584-13874C637975}
		{42DFFB27-34B8-44D8-9AA5-567D69721BF9} = {0C6BB002-5E44-4364-A584-13874C637975}
		{54B2BE6C-741B-4DD5-974D-DBF78469F694} = {0C6BB002-5E44-4364-A584-13874C637975}
	EndGlobalSection
	GlobalSection(ExtensibilityGlobals) = postSolution
		SolutionGuid = {1406BBDE-68ED-4D1D-BC92-C12827E63A7B}
	EndGlobalSection
EndGlobal
